
Microsoft Visual Studio Solution File, Format Version 12.00
# Visual Studio Version 17
VisualStudioVersion = 17.5.002.0
MinimumVisualStudioVersion = 10.0.40219.1
Project("{9A19103F-16F7-4668-BE54-9A1E7A4F7556}") = "66", "66.csproj", "{B63CD516-CCF3-4C31-9FB9-376BE326013D}"
EndProject
Global
	GlobalSection(SolutionConfigurationPlatforms) = preSolution
		Debug|Any CPU = Debug|Any CPU
		Release|Any CPU = Release|Any CPU
	EndGlobalSection
	GlobalSection(ProjectConfigurationPlatforms) = postSolution
		{B63CD516-CCF3-4C31-9FB9-376BE326013D}.Debug|Any CPU.ActiveCfg = Debug|Any CPU
		{B63CD516-CCF3-4C31-9FB9-376BE326013D}.Debug|Any CPU.Build.0 = Debug|Any CPU
		{B63CD516-CCF3-4C31-9FB9-376BE326013D}.Release|Any CPU.ActiveCfg = Release|Any CPU
		{B63CD516-CCF3-4C31-9FB9-376BE326013D}.Release|Any CPU.Build.0 = Release|Any CPU
	EndGlobalSection
	GlobalSection(SolutionProperties) = preSolution
		HideSolutionNode = FALSE
	EndGlobalSection
	GlobalSection(ExtensibilityGlobals) = postSolution
		SolutionGuid = {2E9614FE-5279-4951-8710-BE8B33960C9F}
	EndGlobalSection
EndGlobal
